
Microsoft Visual Studio Solution File, Format Version 12.00
# Visual Studio Version 16
VisualStudioVersion = 16.0.32126.315
MinimumVisualStudioVersion = 10.0.40219.1
Project("{FAE04EC0-301F-11D3-BF4B-00C04F79EFBC}") = "Hack-a-thon", "Hack-a-thon\Hack-a-thon.csproj", "{538CB472-D38D-46B7-BF92-86D2D16F3C2C}"
EndProject
Project("{2150E333-8FDC-42A3-9474-1A3956D46DE8}") = "Data", "Data", "{2331BAAF-5E63-4708-BE47-A2A45550A9F0}"
EndProject
Project("{9A19103F-16F7-4668-BE54-9A1E7A4F7556}") = "Entities", "Entities\Entities.csproj", "{31636794-39A8-4A53-AD5C-45E34E542978}"
EndProject
Project("{FAE04EC0-301F-11D3-BF4B-00C04F79EFBC}") = "Repositories", "Repositories\Repositories.csproj", "{106D182A-FDCD-44C0-9AE8-73E34E07A622}"
	ProjectSection(ProjectDependencies) = postProject
		{31636794-39A8-4A53-AD5C-45E34E542978} = {31636794-39A8-4A53-AD5C-45E34E542978}
	EndProjectSection
EndProject
Project("{2150E333-8FDC-42A3-9474-1A3956D46DE8}") = "API", "API", "{8DDAC679-CB0B-4A1A-8FB6-AB1AE4DA25F7}"
EndProject
Global
	GlobalSection(SolutionConfigurationPlatforms) = preSolution
		Debug|Any CPU = Debug|Any CPU
		Release|Any CPU = Release|Any CPU
	EndGlobalSection
	GlobalSection(ProjectConfigurationPlatforms) = postSolution
		{538CB472-D38D-46B7-BF92-86D2D16F3C2C}.Debug|Any CPU.ActiveCfg = Debug|Any CPU
		{538CB472-D38D-46B7-BF92-86D2D16F3C2C}.Debug|Any CPU.Build.0 = Debug|Any CPU
		{538CB472-D38D-46B7-BF92-86D2D16F3C2C}.Release|Any CPU.ActiveCfg = Release|Any CPU
		{538CB472-D38D-46B7-BF92-86D2D16F3C2C}.Release|Any CPU.Build.0 = Release|Any CPU
		{31636794-39A8-4A53-AD5C-45E34E542978}.Debug|Any CPU.ActiveCfg = Debug|Any CPU
		{31636794-39A8-4A53-AD5C-45E34E542978}.Debug|Any CPU.Build.0 = Debug|Any CPU
		{31636794-39A8-4A53-AD5C-45E34E542978}.Release|Any CPU.ActiveCfg = Release|Any CPU
		{31636794-39A8-4A53-AD5C-45E34E542978}.Release|Any CPU.Build.0 = Release|Any CPU
		{106D182A-FDCD-44C0-9AE8-73E34E07A622}.Debug|Any CPU.ActiveCfg = Debug|Any CPU
		{106D182A-FDCD-44C0-9AE8-73E34E07A622}.Debug|Any CPU.Build.0 = Debug|Any CPU
		{106D182A-FDCD-44C0-9AE8-73E34E07A622}.Release|Any CPU.ActiveCfg = Release|Any CPU
		{106D182A-FDCD-44C0-9AE8-73E34E07A622}.Release|Any CPU.Build.0 = Release|Any CPU
	EndGlobalSection
	GlobalSection(SolutionProperties) = preSolution
		HideSolutionNode = FALSE
	EndGlobalSection
	GlobalSection(NestedProjects) = preSolution
		{538CB472-D38D-46B7-BF92-86D2D16F3C2C} = {8DDAC679-CB0B-4A1A-8FB6-AB1AE4DA25F7}
		{31636794-39A8-4A53-AD5C-45E34E542978} = {2331BAAF-5E63-4708-BE47-A2A45550A9F0}
		{106D182A-FDCD-44C0-9AE8-73E34E07A622} = {2331BAAF-5E63-4708-BE47-A2A45550A9F0}
	EndGlobalSection
	GlobalSection(ExtensibilityGlobals) = postSolution
		SolutionGuid = {3CD24503-D61C-4F2A-9511-84985EBFDC4F}
	EndGlobalSection
EndGlobal
